
Microsoft Visual Studio Solution File, Format Version 12.00
# Visual Studio 15
Project("{FAE04EC0-301F-11D3-BF4B-00C04F79EFBC}") = "Assembly-CSharp", "Assembly-CSharp.csproj", "{FE33E353-9599-AD12-5A9F-1182A1F4053B}"
EndProject
Global
	GlobalSection(SolutionConfigurationPlatforms) = preSolution
		Debug|Any CPU = Debug|Any CPU
		Release|Any CPU = Release|Any CPU
	EndGlobalSection
	GlobalSection(ProjectConfigurationPlatforms) = postSolution
		{FE33E353-9599-AD12-5A9F-1182A1F4053B}.Debug|Any CPU.ActiveCfg = Debug|Any CPU
		{FE33E353-9599-AD12-5A9F-1182A1F4053B}.Debug|Any CPU.Build.0 = Debug|Any CPU
		{FE33E353-9599-AD12-5A9F-1182A1F4053B}.Release|Any CPU.ActiveCfg = Release|Any CPU
		{FE33E353-9599-AD12-5A9F-1182A1F4053B}.Release|Any CPU.Build.0 = Release|Any CPU
	EndGlobalSection
	GlobalSection(SolutionProperties) = preSolution
		HideSolutionNode = FALSE
	EndGlobalSection
EndGlobal
